{
    "version": 3,
    "terraform_version": "0.11.13",
    "serial": 8,
    "lineage": "e505acdc-1d72-1105-7f71-8c25a66aeafe",
    "modules": [
        {
            "path": [
                "root"
            ],
            "outputs": {
                "init_bastion_public_ip": {
                    "sensitive": false,
                    "type": "string",
                    "value": "18.212.195.242"
                },
                "init_bastion_ssh_key": {
                    "sensitive": false,
                    "type": "string",
                    "value": "-----BEGIN RSA PRIVATE KEY-----\nMIIJKQIBAAKCAgEAqbgpUauv0YMPz/+vVvPde0+xcXe7o6+SCBQ5r141lkdl45pb\noilHLriWfNjezGrzNazQjMP9C0lmmtZNKr1rqu6E74AZpazoVWLypcdwIiaqo6+r\na12njgQI1n3j9plt2bzKMAVveEZ6k4lPL8GRzCT1uX1R7bnDMYJOpN82En2JrUq8\nn3MkaKlHEtSiCjwW2/UvSlL4m7Xrfil5W74BMAJ6p9P2fS7rSSpNiG9IWraWfjDN\nZWLnThJZzDArC3pOJPMsZJVBPgHf9ORtx46qPUlgSITbd73EvaBpyn5Fep7xNcKp\nM2ktMI82K6688n9Of0p+9N/WyFdaa/9Y3PtRM2Jbxb5qvfW+1CvVcSH7PM0rNnSL\nT443jjGFFKlzGDilO8fp8XygdvCap+5NGrtpxQgtTcbHuCKB6de/5Qb/6EoE2mly\nyzUOod4fZjake26811KGK999BDJDIptY7YEXvbxBtsivVAl3n3ffgE3ptE4ZIPVj\ns/C+GwNdDiztwYxOBCAeI1SzBTq7MflNCyMlaM1+uqCOEmNyNCOYjn6dU6FAC/ed\nUcZuKME7k21G7CBnHKj/zATuaewAnWWCL5S5W2pp8zkRMiMGVeANg3mTvGm4X0EN\nG8XqCPVuOByUR8o8HQ09QrRbbaHtFiKT9R/1B29E1zhOz3E+yCljb7FvK0ECAwEA\nAQKCAgBDB0uySKcwjJ2DHU0Hf1qap9fBo3ME64M2E57QptltF5ei80R7X+gQCLDO\nb+xWOWsCaNUYsxLOEVgnkLl7RsIuCPORjzsR1p8PkfuZA5JCupir+uYtihhxmyBO\nbfvJWcErvEbx/kOO8e7ZM+KFTuKhCHvPnTHtPG9dr0QWE13Moa3tNdYW9yeK+kfq\npPW2KxMwHb5mkSxEeu2drw2R8RGQ/3mnrKvttskP5VgnqSOfR/tZrTaBczU8/Txf\nyypE5zHToAKJWvUgYycrFchRhwOvHrqbCXWP7e+0oJUHdyVDj2BeRhoDBuflBLp1\nOBbBgwvic+5+EaVHDFDW1EspQ0xG5Uzud2wdpSlgqDa/gyCm9GiVgd7SWd3qsR9j\nRq5iZVqlXn6KuTQI7ivIZqqZUOeHpgEzoSAFTHwDA5DJpOnjgKg8dBvtVdYc61JT\n9ZDPJ79yyO7SSBKm5eikBEcsWZrhoXbCP5WhVOKSfhtbbngXM/nzUl3s/exKeDwi\nieL6cx4d/TuCzuXAuoVolm9HAm8tlsn0MVdR+7btW9oYNF4onaSRzgJAYblRveFf\nL+hK/uN6jLtkLKb7e3+7gtKJkTpocsfDCZfiuXXU/14uvOuaYtO/UV5Rxojlzw62\nIuuPrqVhXvMbILdsLAchn2y/wM/4Ir5dv2uIUL9k9K/YqnYM3QKCAQEAz3mhsTLS\nW5PyBXDZ5aVYaZ7GWK2OyP6Q6uJ8T67kr2rbdWeTnT3b4Q453aIpcspfbpG7++7Z\nzqAz184nay/641PYSmqx405oivY+doq4hmZrQUZBoJ302n81sxEW6vZo7Ie4WlMZ\nCcHtst74w0sj4LjYfluFfjawOPOngi25KABnzsfqCOTEDHNirsAz+bKXeFfUsvuH\ncpvrTTudhg5M1PxSjnwUtDirkHq3QT8SlWVW+aAeRirk/T4MNqGJqHtGNhqE8i0T\nemyiIAf9Pmi7XjQ1CGbr5LnhL+Y1AV0Sb6goY+9xHMePBZV/4a8020/lqhb0eiLx\nR0MhNW43GThpuwKCAQEA0WnxIYm5rmnZYYj7MSM9wqHP/owLR6NjN/TkMQo/CBXS\nt2AGLzwhNKvJnldyGsVkLi1DN7ylbnwHrlkqTNHzaMVkT/J0KFMIj0EExy9EM+Lp\n6ZJ9cwkLy+LiSRu6xCYvbmOAvLcd2JLG0e4/Bl2+d7XYH6pQxPwQUMpIRdSht0Uz\n1tYFSXdHov0seQIH0SIH0hNVqO+hZGkKm4TejMlVCPYyYzRsLjttv8f1+95HwLpy\nQVc5HTK/kdNDMJQH/bWsjKRGUKx4xNzGrcgK/hHrF+XnK903nZayxoFdGubzGqdr\nnPIhqyzrNPtSBa8zhLq5RzoBvge1zqzgP67JQyMhMwKCAQEAwN8VjSDtpOx3xM8Q\nAQgglK9hO/a8EeV02qYJYhn3xYrU0OOkujxTN3h+GqcxWOEArk0UMDPujsMm7qta\nwa4s0T+UhjmBfQna7bPUhWaX+3kio9+oCqRMhwJS7VApueuvxpK0smMll4iMbAgT\nwZkMlU/BElYKVzaHw6neQoo24hTea8A0tGfWSKzLRCCxMKLxZJJhzLE/TS/dIkMV\nQRXyHt0h8gsvRAqakwlBaoozwGYg4JYVDq25iiIwQGkTC2jt8EXe6TM2NEzgul4y\n8d1ysTRfSJxFFrAlwt2C0O2wwdPVGHHy+QoaztoXs7morWgs3F3Sj+gD3HdvW7hF\nyFBFGQKCAQBmEbQU+7MEHtV0Y7bDWYD1x7bAQ/QPg8SNdpBukqbsQu7EsEnzZeRt\nbrnDsq2L/N/6XddgaFNdyZhY0175uG9ihquBCBSzvtzyLeetSg19GMGYNe1tT2Bv\njPNsXNaoWlBOBrOtx7cFY20Cz5Pqf3ChmoFv1ayuholRR3b4ik4ULOe6c/B5wWiq\nOaoehO3YcjTLoN7ki3/nmAcyjA2JI2yOBKnEjr2XvyGcE1OC4vGoL3gW/vN4ls6m\nvgkGuXA3qgAjQMKA+b+XfGBePZ2V/pfOuyD00UsVRWl3tX/y59RgDnA2PBJLA4bU\n+RYebSm4LOa3n79PpyRnSv22LHQuhAXfAoIBAQCdnD/hkoRX8sDQzVlJT3OJ/evc\n8xmcdhV9GB+PO/tP8wdQjpVx+gbmRpTd1g0eurENMrIJv84Us8iFn8ZUK0jZox+l\nXbKpttIYUbEHU+xb5MMsPH3MVkeNtNquTY3lYTGOlTOzTRQYrvy/AJwitUP0dzMb\nbLpasX5pxG3DE8N7DqSRE4bVGfP5WgP3akQTKrbTjUHR0y1NOW6I4UMryF01rFYK\nlIxN05Y1tx6ABLmkIvRs1XCA9eYybDIK5cGZfXRYNuutnczzmYfmS5GP7ZfdJd15\nLLbVEOofXGLuTCwx0aIfk8B7pFJyaApa7NHKl0g4QPEkBK4t0eVtTItby1gb\n-----END RSA PRIVATE KEY-----\n"
                },
                "kms_key_arn": {
                    "sensitive": false,
                    "type": "string",
                    "value": "arn:aws:kms:us-east-1:082715569515:key/261500aa-90e4-4769-bb62-abd5291d4859"
                },
                "kms_key_id": {
                    "sensitive": false,
                    "type": "string",
                    "value": "261500aa-90e4-4769-bb62-abd5291d4859"
                },
                "role_instance_jenkins_arn": {
                    "sensitive": false,
                    "type": "string",
                    "value": "arn:aws:iam::082715569515:role/role-instance-jenkins"
                },
                "s3_backend_terraform_arn": {
                    "sensitive": false,
                    "type": "string",
                    "value": "arn:aws:s3:::terraform-aws-us-east-1-backend"
                },
                "s3_backend_terraform_id": {
                    "sensitive": false,
                    "type": "string",
                    "value": "terraform-aws-us-east-1-backend"
                }
            },
            "resources": {
                "aws_iam_instance_profile.ec2_instance_jenkins": {
                    "type": "aws_iam_instance_profile",
                    "depends_on": [
                        "aws_iam_role.ec2_instance_jenkins"
                    ],
                    "primary": {
                        "id": "role-instance-jenkins",
                        "attributes": {
                            "arn": "arn:aws:iam::082715569515:instance-profile/role-instance-jenkins",
                            "create_date": "2019-05-07T02:25:58Z",
                            "id": "role-instance-jenkins",
                            "name": "role-instance-jenkins",
                            "path": "/",
                            "role": "role-instance-jenkins",
                            "roles.#": "1",
                            "roles.4201111906": "role-instance-jenkins",
                            "unique_id": "AIPARGQR3NVV47MOO6J4W"
                        },
                        "meta": {},
                        "tainted": false
                    },
                    "deposed": [],
                    "provider": "provider.aws"
                },
                "aws_iam_role.ec2_instance_jenkins": {
                    "type": "aws_iam_role",
                    "depends_on": [
                        "data.aws_iam_policy_document.role_ec2_instance_jenkins"
                    ],
                    "primary": {
                        "id": "role-instance-jenkins",
                        "attributes": {
                            "arn": "arn:aws:iam::082715569515:role/role-instance-jenkins",
                            "assume_role_policy": "{\"Version\":\"2012-10-17\",\"Statement\":[{\"Sid\":\"AssumeRole\",\"Effect\":\"Allow\",\"Principal\":{\"Service\":\"ec2.amazonaws.com\"},\"Action\":\"sts:AssumeRole\"}]}",
                            "create_date": "2019-05-07T02:25:56Z",
                            "description": "Permitir que serviços do Jenkins utilize recursos da aws",
                            "force_detach_policies": "false",
                            "id": "role-instance-jenkins",
                            "max_session_duration": "3600",
                            "name": "role-instance-jenkins",
                            "path": "/",
                            "tags.%": "0",
                            "unique_id": "AROARGQR3NVVSEDWJRNEG"
                        },
                        "meta": {},
                        "tainted": false
                    },
                    "deposed": [],
                    "provider": "provider.aws"
                },
                "aws_iam_role_policy.allow_full": {
                    "type": "aws_iam_role_policy",
                    "depends_on": [
                        "aws_iam_role.ec2_instance_jenkins",
                        "data.aws_iam_policy_document.allow_full"
                    ],
                    "primary": {
                        "id": "role-instance-jenkins:allow-full",
                        "attributes": {
                            "id": "role-instance-jenkins:allow-full",
                            "name": "allow-full",
                            "policy": "{\n  \"Version\": \"2012-10-17\",\n  \"Statement\": [\n    {\n      \"Sid\": \"AllowFull\",\n      \"Effect\": \"Allow\",\n      \"Action\": \"*\",\n      \"Resource\": \"*\"\n    }\n  ]\n}",
                            "role": "role-instance-jenkins"
                        },
                        "meta": {},
                        "tainted": false
                    },
                    "deposed": [],
                    "provider": "provider.aws"
                },
                "aws_instance.init_bastion": {
                    "type": "aws_instance",
                    "depends_on": [
                        "aws_iam_role.ec2_instance_jenkins",
                        "aws_key_pair.init_bastion",
                        "aws_security_group.init_bastion",
                        "tls_private_key.init_bastion"
                    ],
                    "primary": {
                        "id": "i-0678a04f105a5a453",
                        "attributes": {
                            "ami": "ami-0a313d6098716f372",
                            "arn": "arn:aws:ec2:us-east-1:082715569515:instance/i-0678a04f105a5a453",
                            "associate_public_ip_address": "true",
                            "availability_zone": "us-east-1a",
                            "cpu_core_count": "1",
                            "cpu_threads_per_core": "1",
                            "credit_specification.#": "1",
                            "credit_specification.0.cpu_credits": "standard",
                            "disable_api_termination": "false",
                            "ebs_block_device.#": "0",
                            "ebs_optimized": "false",
                            "ephemeral_block_device.#": "0",
                            "get_password_data": "false",
                            "iam_instance_profile": "role-instance-jenkins",
                            "id": "i-0678a04f105a5a453",
                            "instance_state": "running",
                            "instance_type": "t2.micro",
                            "ipv6_address_count": "0",
                            "ipv6_addresses.#": "0",
                            "key_name": "init-bastion20190507031433537100000001",
                            "monitoring": "false",
                            "network_interface.#": "0",
                            "password_data": "",
                            "placement_group": "",
                            "primary_network_interface_id": "eni-0f31394c1e20205b2",
                            "private_dns": "ip-172-31-84-222.ec2.internal",
                            "private_ip": "172.31.84.222",
                            "public_dns": "ec2-54-166-52-102.compute-1.amazonaws.com",
                            "public_ip": "54.166.52.102",
                            "root_block_device.#": "1",
                            "root_block_device.0.delete_on_termination": "true",
                            "root_block_device.0.iops": "100",
                            "root_block_device.0.volume_id": "vol-066b37c19738d75ab",
                            "root_block_device.0.volume_size": "8",
                            "root_block_device.0.volume_type": "gp2",
                            "security_groups.#": "1",
                            "security_groups.1257281214": "init_bastion",
                            "source_dest_check": "true",
                            "subnet_id": "subnet-89f056a7",
                            "tags.%": "2",
                            "tags.Name": "init-bastion",
                            "tags.Organization": "lab4ever",
                            "tenancy": "default",
                            "user_data": "8f4749d1eb9730b1eee0efdafa6bf47f5c166297",
                            "volume_tags.%": "0",
                            "vpc_security_group_ids.#": "1",
                            "vpc_security_group_ids.1294277211": "sg-0f5c5d272e141ff59"
                        },
                        "meta": {
                            "e2bfb730-ecaa-11e6-8f88-34363bc7c4c0": {
                                "create": 600000000000,
                                "delete": 1200000000000,
                                "update": 600000000000
                            },
                            "schema_version": "1"
                        },
                        "tainted": true
                    },
                    "deposed": [],
                    "provider": "provider.aws"
                },
                "aws_key_pair.init_bastion": {
                    "type": "aws_key_pair",
                    "depends_on": [
                        "data.tls_public_key.init_bastion",
                        "tls_private_key.init_bastion"
                    ],
                    "primary": {
                        "id": "init-bastion20190507031433537100000001",
                        "attributes": {
                            "fingerprint": "ea:3d:bd:cc:ba:50:82:9f:16:49:51:ff:c5:9a:25:7b",
                            "id": "init-bastion20190507031433537100000001",
                            "key_name": "init-bastion20190507031433537100000001",
                            "key_name_prefix": "init-bastion",
                            "public_key": "ssh-rsa AAAAB3NzaC1yc2EAAAADAQABAAACAQCpuClRq6/Rgw/P/69W8917T7Fxd7ujr5IIFDmvXjWWR2XjmluiKUcuuJZ82N7MavM1rNCMw/0LSWaa1k0qvWuq7oTvgBmlrOhVYvKlx3AiJqqjr6trXaeOBAjWfeP2mW3ZvMowBW94RnqTiU8vwZHMJPW5fVHtucMxgk6k3zYSfYmtSryfcyRoqUcS1KIKPBbb9S9KUvibtet+KXlbvgEwAnqn0/Z9LutJKk2Ib0hatpZ+MM1lYudOElnMMCsLek4k8yxklUE+Ad/05G3Hjqo9SWBIhNt3vcS9oGnKfkV6nvE1wqkzaS0wjzYrrrzyf05/Sn7039bIV1pr/1jc+1EzYlvFvmq99b7UK9VxIfs8zSs2dItPjjeOMYUUqXMYOKU7x+nxfKB28Jqn7k0au2nFCC1Nxse4IoHp17/lBv/oSgTaaXLLNQ6h3h9mNqR7brzXUoYr330EMkMim1jtgRe9vEG2yK9UCXefd9+ATem0Thkg9WOz8L4bA10OLO3BjE4EIB4jVLMFOrsx+U0LIyVozX66oI4SY3I0I5iOfp1ToUAL951Rxm4owTuTbUbsIGccqP/MBO5p7ACdZYIvlLlbamnzOREyIwZV4A2DeZO8abhfQQ0bxeoI9W44HJRHyjwdDT1CtFttoe0WIpP1H/UHb0TXOE7PcT7IKWNvsW8rQQ=="
                        },
                        "meta": {
                            "schema_version": "1"
                        },
                        "tainted": false
                    },
                    "deposed": [],
                    "provider": "provider.aws"
                },
                "aws_kms_key.backend_terraform": {
                    "type": "aws_kms_key",
                    "depends_on": [
                        "local.name_backend"
                    ],
                    "primary": {
                        "id": "261500aa-90e4-4769-bb62-abd5291d4859",
                        "attributes": {
                            "arn": "arn:aws:kms:us-east-1:082715569515:key/261500aa-90e4-4769-bb62-abd5291d4859",
                            "deletion_window_in_days": "7",
                            "description": "Chave de encriptaçao do terraform-aws-us-east-1-backend",
                            "enable_key_rotation": "false",
                            "id": "261500aa-90e4-4769-bb62-abd5291d4859",
                            "is_enabled": "true",
                            "key_id": "261500aa-90e4-4769-bb62-abd5291d4859",
                            "key_usage": "ENCRYPT_DECRYPT",
                            "policy": "{\"Id\":\"key-default-1\",\"Statement\":[{\"Action\":\"kms:*\",\"Effect\":\"Allow\",\"Principal\":{\"AWS\":\"arn:aws:iam::082715569515:root\"},\"Resource\":\"*\",\"Sid\":\"Enable IAM User Permissions\"}],\"Version\":\"2012-10-17\"}",
                            "tags.%": "3",
                            "tags.Name": "terraform-aws-us-east-1-backend",
                            "tags.Organization": "lab4ever",
                            "tags.Terraform": "1"
                        },
                        "meta": {},
                        "tainted": false
                    },
                    "deposed": [],
                    "provider": "provider.aws"
                },
                "aws_s3_bucket.backend_terraform": {
                    "type": "aws_s3_bucket",
                    "depends_on": [
                        "aws_kms_key.backend_terraform",
                        "local.name_backend"
                    ],
                    "primary": {
                        "id": "terraform-aws-us-east-1-backend",
                        "attributes": {
                            "acceleration_status": "",
                            "acl": "private",
                            "arn": "arn:aws:s3:::terraform-aws-us-east-1-backend",
                            "bucket": "terraform-aws-us-east-1-backend",
                            "bucket_domain_name": "terraform-aws-us-east-1-backend.s3.amazonaws.com",
                            "bucket_regional_domain_name": "terraform-aws-us-east-1-backend.s3.amazonaws.com",
                            "cors_rule.#": "0",
                            "force_destroy": "false",
                            "hosted_zone_id": "Z3AQBSTGFYJSTF",
                            "id": "terraform-aws-us-east-1-backend",
                            "lifecycle_rule.#": "0",
                            "logging.#": "0",
                            "object_lock_configuration.#": "0",
                            "region": "us-east-1",
                            "replication_configuration.#": "0",
                            "request_payer": "BucketOwner",
                            "server_side_encryption_configuration.#": "1",
                            "server_side_encryption_configuration.0.rule.#": "1",
                            "server_side_encryption_configuration.0.rule.0.apply_server_side_encryption_by_default.#": "1",
                            "server_side_encryption_configuration.0.rule.0.apply_server_side_encryption_by_default.0.kms_master_key_id": "arn:aws:kms:us-east-1:082715569515:key/261500aa-90e4-4769-bb62-abd5291d4859",
                            "server_side_encryption_configuration.0.rule.0.apply_server_side_encryption_by_default.0.sse_algorithm": "aws:kms",
                            "tags.%": "3",
                            "tags.Name": "terraform-aws-us-east-1-backend",
                            "tags.Organizaztion": "lab4ever",
                            "tags.Terraform": "1",
                            "versioning.#": "1",
                            "versioning.0.enabled": "true",
                            "versioning.0.mfa_delete": "false",
                            "website.#": "0"
                        },
                        "meta": {},
                        "tainted": false
                    },
                    "deposed": [],
                    "provider": "provider.aws"
                },
                "aws_security_group.init_bastion": {
                    "type": "aws_security_group",
                    "depends_on": [],
                    "primary": {
                        "id": "sg-0f5c5d272e141ff59",
                        "attributes": {
                            "arn": "arn:aws:ec2:us-east-1:082715569515:security-group/sg-0f5c5d272e141ff59",
                            "description": "Security group init_bastion",
                            "egress.#": "1",
                            "egress.482069346.cidr_blocks.#": "1",
                            "egress.482069346.cidr_blocks.0": "0.0.0.0/0",
                            "egress.482069346.description": "",
                            "egress.482069346.from_port": "0",
                            "egress.482069346.ipv6_cidr_blocks.#": "0",
                            "egress.482069346.prefix_list_ids.#": "0",
                            "egress.482069346.protocol": "-1",
                            "egress.482069346.security_groups.#": "0",
                            "egress.482069346.self": "false",
                            "egress.482069346.to_port": "0",
                            "id": "sg-0f5c5d272e141ff59",
                            "ingress.#": "1",
                            "ingress.482069346.cidr_blocks.#": "1",
                            "ingress.482069346.cidr_blocks.0": "0.0.0.0/0",
                            "ingress.482069346.description": "",
                            "ingress.482069346.from_port": "0",
                            "ingress.482069346.ipv6_cidr_blocks.#": "0",
                            "ingress.482069346.prefix_list_ids.#": "0",
                            "ingress.482069346.protocol": "-1",
                            "ingress.482069346.security_groups.#": "0",
                            "ingress.482069346.self": "false",
                            "ingress.482069346.to_port": "0",
                            "name": "init_bastion",
                            "owner_id": "082715569515",
                            "revoke_rules_on_delete": "false",
                            "tags.%": "1",
                            "tags.Name": "init-bastion",
                            "vpc_id": "vpc-b6dd31cc"
                        },
                        "meta": {
                            "e2bfb730-ecaa-11e6-8f88-34363bc7c4c0": {
                                "create": 600000000000,
                                "delete": 600000000000
                            },
                            "schema_version": "1"
                        },
                        "tainted": false
                    },
                    "deposed": [],
                    "provider": "provider.aws"
                },
                "data.aws_iam_policy_document.allow_full": {
                    "type": "aws_iam_policy_document",
                    "depends_on": [],
                    "primary": {
                        "id": "369595971",
                        "attributes": {
                            "id": "369595971",
                            "json": "{\n  \"Version\": \"2012-10-17\",\n  \"Statement\": [\n    {\n      \"Sid\": \"AllowFull\",\n      \"Effect\": \"Allow\",\n      \"Action\": \"*\",\n      \"Resource\": \"*\"\n    }\n  ]\n}",
                            "statement.#": "1",
                            "statement.0.actions.#": "1",
                            "statement.0.actions.2679715827": "*",
                            "statement.0.condition.#": "0",
                            "statement.0.effect": "Allow",
                            "statement.0.not_actions.#": "0",
                            "statement.0.not_principals.#": "0",
                            "statement.0.not_resources.#": "0",
                            "statement.0.principals.#": "0",
                            "statement.0.resources.#": "1",
                            "statement.0.resources.2679715827": "*",
                            "statement.0.sid": "AllowFull",
                            "version": "2012-10-17"
                        },
                        "meta": {},
                        "tainted": false
                    },
                    "deposed": [],
                    "provider": "provider.aws"
                },
                "data.aws_iam_policy_document.role_ec2_instance_jenkins": {
                    "type": "aws_iam_policy_document",
                    "depends_on": [],
                    "primary": {
                        "id": "1075942833",
                        "attributes": {
                            "id": "1075942833",
                            "json": "{\n  \"Version\": \"2012-10-17\",\n  \"Statement\": [\n    {\n      \"Sid\": \"AssumeRole\",\n      \"Effect\": \"Allow\",\n      \"Action\": \"sts:AssumeRole\",\n      \"Principal\": {\n        \"Service\": \"ec2.amazonaws.com\"\n      }\n    }\n  ]\n}",
                            "statement.#": "1",
                            "statement.0.actions.#": "1",
                            "statement.0.actions.2528466339": "sts:AssumeRole",
                            "statement.0.condition.#": "0",
                            "statement.0.effect": "Allow",
                            "statement.0.not_actions.#": "0",
                            "statement.0.not_principals.#": "0",
                            "statement.0.not_resources.#": "0",
                            "statement.0.principals.#": "1",
                            "statement.0.principals.1134724139.identifiers.#": "1",
                            "statement.0.principals.1134724139.identifiers.3655884555": "ec2.amazonaws.com",
                            "statement.0.principals.1134724139.type": "Service",
                            "statement.0.resources.#": "0",
                            "statement.0.sid": "AssumeRole",
                            "version": "2012-10-17"
                        },
                        "meta": {},
                        "tainted": false
                    },
                    "deposed": [],
                    "provider": "provider.aws"
                },
                "data.tls_public_key.init_bastion": {
                    "type": "tls_public_key",
                    "depends_on": [
                        "tls_private_key.init_bastion"
                    ],
                    "primary": {
                        "id": "40dcee16276258d85835e03cfa89f945e705920e",
                        "attributes": {
                            "algorithm": "RSA",
                            "id": "40dcee16276258d85835e03cfa89f945e705920e",
                            "private_key_pem": "-----BEGIN RSA PRIVATE KEY-----\nMIIJKQIBAAKCAgEAqbgpUauv0YMPz/+vVvPde0+xcXe7o6+SCBQ5r141lkdl45pb\noilHLriWfNjezGrzNazQjMP9C0lmmtZNKr1rqu6E74AZpazoVWLypcdwIiaqo6+r\na12njgQI1n3j9plt2bzKMAVveEZ6k4lPL8GRzCT1uX1R7bnDMYJOpN82En2JrUq8\nn3MkaKlHEtSiCjwW2/UvSlL4m7Xrfil5W74BMAJ6p9P2fS7rSSpNiG9IWraWfjDN\nZWLnThJZzDArC3pOJPMsZJVBPgHf9ORtx46qPUlgSITbd73EvaBpyn5Fep7xNcKp\nM2ktMI82K6688n9Of0p+9N/WyFdaa/9Y3PtRM2Jbxb5qvfW+1CvVcSH7PM0rNnSL\nT443jjGFFKlzGDilO8fp8XygdvCap+5NGrtpxQgtTcbHuCKB6de/5Qb/6EoE2mly\nyzUOod4fZjake26811KGK999BDJDIptY7YEXvbxBtsivVAl3n3ffgE3ptE4ZIPVj\ns/C+GwNdDiztwYxOBCAeI1SzBTq7MflNCyMlaM1+uqCOEmNyNCOYjn6dU6FAC/ed\nUcZuKME7k21G7CBnHKj/zATuaewAnWWCL5S5W2pp8zkRMiMGVeANg3mTvGm4X0EN\nG8XqCPVuOByUR8o8HQ09QrRbbaHtFiKT9R/1B29E1zhOz3E+yCljb7FvK0ECAwEA\nAQKCAgBDB0uySKcwjJ2DHU0Hf1qap9fBo3ME64M2E57QptltF5ei80R7X+gQCLDO\nb+xWOWsCaNUYsxLOEVgnkLl7RsIuCPORjzsR1p8PkfuZA5JCupir+uYtihhxmyBO\nbfvJWcErvEbx/kOO8e7ZM+KFTuKhCHvPnTHtPG9dr0QWE13Moa3tNdYW9yeK+kfq\npPW2KxMwHb5mkSxEeu2drw2R8RGQ/3mnrKvttskP5VgnqSOfR/tZrTaBczU8/Txf\nyypE5zHToAKJWvUgYycrFchRhwOvHrqbCXWP7e+0oJUHdyVDj2BeRhoDBuflBLp1\nOBbBgwvic+5+EaVHDFDW1EspQ0xG5Uzud2wdpSlgqDa/gyCm9GiVgd7SWd3qsR9j\nRq5iZVqlXn6KuTQI7ivIZqqZUOeHpgEzoSAFTHwDA5DJpOnjgKg8dBvtVdYc61JT\n9ZDPJ79yyO7SSBKm5eikBEcsWZrhoXbCP5WhVOKSfhtbbngXM/nzUl3s/exKeDwi\nieL6cx4d/TuCzuXAuoVolm9HAm8tlsn0MVdR+7btW9oYNF4onaSRzgJAYblRveFf\nL+hK/uN6jLtkLKb7e3+7gtKJkTpocsfDCZfiuXXU/14uvOuaYtO/UV5Rxojlzw62\nIuuPrqVhXvMbILdsLAchn2y/wM/4Ir5dv2uIUL9k9K/YqnYM3QKCAQEAz3mhsTLS\nW5PyBXDZ5aVYaZ7GWK2OyP6Q6uJ8T67kr2rbdWeTnT3b4Q453aIpcspfbpG7++7Z\nzqAz184nay/641PYSmqx405oivY+doq4hmZrQUZBoJ302n81sxEW6vZo7Ie4WlMZ\nCcHtst74w0sj4LjYfluFfjawOPOngi25KABnzsfqCOTEDHNirsAz+bKXeFfUsvuH\ncpvrTTudhg5M1PxSjnwUtDirkHq3QT8SlWVW+aAeRirk/T4MNqGJqHtGNhqE8i0T\nemyiIAf9Pmi7XjQ1CGbr5LnhL+Y1AV0Sb6goY+9xHMePBZV/4a8020/lqhb0eiLx\nR0MhNW43GThpuwKCAQEA0WnxIYm5rmnZYYj7MSM9wqHP/owLR6NjN/TkMQo/CBXS\nt2AGLzwhNKvJnldyGsVkLi1DN7ylbnwHrlkqTNHzaMVkT/J0KFMIj0EExy9EM+Lp\n6ZJ9cwkLy+LiSRu6xCYvbmOAvLcd2JLG0e4/Bl2+d7XYH6pQxPwQUMpIRdSht0Uz\n1tYFSXdHov0seQIH0SIH0hNVqO+hZGkKm4TejMlVCPYyYzRsLjttv8f1+95HwLpy\nQVc5HTK/kdNDMJQH/bWsjKRGUKx4xNzGrcgK/hHrF+XnK903nZayxoFdGubzGqdr\nnPIhqyzrNPtSBa8zhLq5RzoBvge1zqzgP67JQyMhMwKCAQEAwN8VjSDtpOx3xM8Q\nAQgglK9hO/a8EeV02qYJYhn3xYrU0OOkujxTN3h+GqcxWOEArk0UMDPujsMm7qta\nwa4s0T+UhjmBfQna7bPUhWaX+3kio9+oCqRMhwJS7VApueuvxpK0smMll4iMbAgT\nwZkMlU/BElYKVzaHw6neQoo24hTea8A0tGfWSKzLRCCxMKLxZJJhzLE/TS/dIkMV\nQRXyHt0h8gsvRAqakwlBaoozwGYg4JYVDq25iiIwQGkTC2jt8EXe6TM2NEzgul4y\n8d1ysTRfSJxFFrAlwt2C0O2wwdPVGHHy+QoaztoXs7morWgs3F3Sj+gD3HdvW7hF\nyFBFGQKCAQBmEbQU+7MEHtV0Y7bDWYD1x7bAQ/QPg8SNdpBukqbsQu7EsEnzZeRt\nbrnDsq2L/N/6XddgaFNdyZhY0175uG9ihquBCBSzvtzyLeetSg19GMGYNe1tT2Bv\njPNsXNaoWlBOBrOtx7cFY20Cz5Pqf3ChmoFv1ayuholRR3b4ik4ULOe6c/B5wWiq\nOaoehO3YcjTLoN7ki3/nmAcyjA2JI2yOBKnEjr2XvyGcE1OC4vGoL3gW/vN4ls6m\nvgkGuXA3qgAjQMKA+b+XfGBePZ2V/pfOuyD00UsVRWl3tX/y59RgDnA2PBJLA4bU\n+RYebSm4LOa3n79PpyRnSv22LHQuhAXfAoIBAQCdnD/hkoRX8sDQzVlJT3OJ/evc\n8xmcdhV9GB+PO/tP8wdQjpVx+gbmRpTd1g0eurENMrIJv84Us8iFn8ZUK0jZox+l\nXbKpttIYUbEHU+xb5MMsPH3MVkeNtNquTY3lYTGOlTOzTRQYrvy/AJwitUP0dzMb\nbLpasX5pxG3DE8N7DqSRE4bVGfP5WgP3akQTKrbTjUHR0y1NOW6I4UMryF01rFYK\nlIxN05Y1tx6ABLmkIvRs1XCA9eYybDIK5cGZfXRYNuutnczzmYfmS5GP7ZfdJd15\nLLbVEOofXGLuTCwx0aIfk8B7pFJyaApa7NHKl0g4QPEkBK4t0eVtTItby1gb\n-----END RSA PRIVATE KEY-----\n",
                            "public_key_fingerprint_md5": "e1:d8:5f:3e:b7:85:2c:a1:28:41:e7:ae:ea:b3:02:79",
                            "public_key_openssh": "ssh-rsa AAAAB3NzaC1yc2EAAAADAQABAAACAQCpuClRq6/Rgw/P/69W8917T7Fxd7ujr5IIFDmvXjWWR2XjmluiKUcuuJZ82N7MavM1rNCMw/0LSWaa1k0qvWuq7oTvgBmlrOhVYvKlx3AiJqqjr6trXaeOBAjWfeP2mW3ZvMowBW94RnqTiU8vwZHMJPW5fVHtucMxgk6k3zYSfYmtSryfcyRoqUcS1KIKPBbb9S9KUvibtet+KXlbvgEwAnqn0/Z9LutJKk2Ib0hatpZ+MM1lYudOElnMMCsLek4k8yxklUE+Ad/05G3Hjqo9SWBIhNt3vcS9oGnKfkV6nvE1wqkzaS0wjzYrrrzyf05/Sn7039bIV1pr/1jc+1EzYlvFvmq99b7UK9VxIfs8zSs2dItPjjeOMYUUqXMYOKU7x+nxfKB28Jqn7k0au2nFCC1Nxse4IoHp17/lBv/oSgTaaXLLNQ6h3h9mNqR7brzXUoYr330EMkMim1jtgRe9vEG2yK9UCXefd9+ATem0Thkg9WOz8L4bA10OLO3BjE4EIB4jVLMFOrsx+U0LIyVozX66oI4SY3I0I5iOfp1ToUAL951Rxm4owTuTbUbsIGccqP/MBO5p7ACdZYIvlLlbamnzOREyIwZV4A2DeZO8abhfQQ0bxeoI9W44HJRHyjwdDT1CtFttoe0WIpP1H/UHb0TXOE7PcT7IKWNvsW8rQQ==\n",
                            "public_key_pem": "-----BEGIN PUBLIC KEY-----\nMIICIjANBgkqhkiG9w0BAQEFAAOCAg8AMIICCgKCAgEAqbgpUauv0YMPz/+vVvPd\ne0+xcXe7o6+SCBQ5r141lkdl45pboilHLriWfNjezGrzNazQjMP9C0lmmtZNKr1r\nqu6E74AZpazoVWLypcdwIiaqo6+ra12njgQI1n3j9plt2bzKMAVveEZ6k4lPL8GR\nzCT1uX1R7bnDMYJOpN82En2JrUq8n3MkaKlHEtSiCjwW2/UvSlL4m7Xrfil5W74B\nMAJ6p9P2fS7rSSpNiG9IWraWfjDNZWLnThJZzDArC3pOJPMsZJVBPgHf9ORtx46q\nPUlgSITbd73EvaBpyn5Fep7xNcKpM2ktMI82K6688n9Of0p+9N/WyFdaa/9Y3PtR\nM2Jbxb5qvfW+1CvVcSH7PM0rNnSLT443jjGFFKlzGDilO8fp8XygdvCap+5NGrtp\nxQgtTcbHuCKB6de/5Qb/6EoE2mlyyzUOod4fZjake26811KGK999BDJDIptY7YEX\nvbxBtsivVAl3n3ffgE3ptE4ZIPVjs/C+GwNdDiztwYxOBCAeI1SzBTq7MflNCyMl\naM1+uqCOEmNyNCOYjn6dU6FAC/edUcZuKME7k21G7CBnHKj/zATuaewAnWWCL5S5\nW2pp8zkRMiMGVeANg3mTvGm4X0ENG8XqCPVuOByUR8o8HQ09QrRbbaHtFiKT9R/1\nB29E1zhOz3E+yCljb7FvK0ECAwEAAQ==\n-----END PUBLIC KEY-----\n"
                        },
                        "meta": {},
                        "tainted": false
                    },
                    "deposed": [],
                    "provider": "provider.tls"
                },
                "tls_private_key.init_bastion": {
                    "type": "tls_private_key",
                    "depends_on": [],
                    "primary": {
                        "id": "40dcee16276258d85835e03cfa89f945e705920e",
                        "attributes": {
                            "algorithm": "RSA",
                            "ecdsa_curve": "P224",
                            "id": "40dcee16276258d85835e03cfa89f945e705920e",
                            "private_key_pem": "-----BEGIN RSA PRIVATE KEY-----\nMIIJKQIBAAKCAgEAqbgpUauv0YMPz/+vVvPde0+xcXe7o6+SCBQ5r141lkdl45pb\noilHLriWfNjezGrzNazQjMP9C0lmmtZNKr1rqu6E74AZpazoVWLypcdwIiaqo6+r\na12njgQI1n3j9plt2bzKMAVveEZ6k4lPL8GRzCT1uX1R7bnDMYJOpN82En2JrUq8\nn3MkaKlHEtSiCjwW2/UvSlL4m7Xrfil5W74BMAJ6p9P2fS7rSSpNiG9IWraWfjDN\nZWLnThJZzDArC3pOJPMsZJVBPgHf9ORtx46qPUlgSITbd73EvaBpyn5Fep7xNcKp\nM2ktMI82K6688n9Of0p+9N/WyFdaa/9Y3PtRM2Jbxb5qvfW+1CvVcSH7PM0rNnSL\nT443jjGFFKlzGDilO8fp8XygdvCap+5NGrtpxQgtTcbHuCKB6de/5Qb/6EoE2mly\nyzUOod4fZjake26811KGK999BDJDIptY7YEXvbxBtsivVAl3n3ffgE3ptE4ZIPVj\ns/C+GwNdDiztwYxOBCAeI1SzBTq7MflNCyMlaM1+uqCOEmNyNCOYjn6dU6FAC/ed\nUcZuKME7k21G7CBnHKj/zATuaewAnWWCL5S5W2pp8zkRMiMGVeANg3mTvGm4X0EN\nG8XqCPVuOByUR8o8HQ09QrRbbaHtFiKT9R/1B29E1zhOz3E+yCljb7FvK0ECAwEA\nAQKCAgBDB0uySKcwjJ2DHU0Hf1qap9fBo3ME64M2E57QptltF5ei80R7X+gQCLDO\nb+xWOWsCaNUYsxLOEVgnkLl7RsIuCPORjzsR1p8PkfuZA5JCupir+uYtihhxmyBO\nbfvJWcErvEbx/kOO8e7ZM+KFTuKhCHvPnTHtPG9dr0QWE13Moa3tNdYW9yeK+kfq\npPW2KxMwHb5mkSxEeu2drw2R8RGQ/3mnrKvttskP5VgnqSOfR/tZrTaBczU8/Txf\nyypE5zHToAKJWvUgYycrFchRhwOvHrqbCXWP7e+0oJUHdyVDj2BeRhoDBuflBLp1\nOBbBgwvic+5+EaVHDFDW1EspQ0xG5Uzud2wdpSlgqDa/gyCm9GiVgd7SWd3qsR9j\nRq5iZVqlXn6KuTQI7ivIZqqZUOeHpgEzoSAFTHwDA5DJpOnjgKg8dBvtVdYc61JT\n9ZDPJ79yyO7SSBKm5eikBEcsWZrhoXbCP5WhVOKSfhtbbngXM/nzUl3s/exKeDwi\nieL6cx4d/TuCzuXAuoVolm9HAm8tlsn0MVdR+7btW9oYNF4onaSRzgJAYblRveFf\nL+hK/uN6jLtkLKb7e3+7gtKJkTpocsfDCZfiuXXU/14uvOuaYtO/UV5Rxojlzw62\nIuuPrqVhXvMbILdsLAchn2y/wM/4Ir5dv2uIUL9k9K/YqnYM3QKCAQEAz3mhsTLS\nW5PyBXDZ5aVYaZ7GWK2OyP6Q6uJ8T67kr2rbdWeTnT3b4Q453aIpcspfbpG7++7Z\nzqAz184nay/641PYSmqx405oivY+doq4hmZrQUZBoJ302n81sxEW6vZo7Ie4WlMZ\nCcHtst74w0sj4LjYfluFfjawOPOngi25KABnzsfqCOTEDHNirsAz+bKXeFfUsvuH\ncpvrTTudhg5M1PxSjnwUtDirkHq3QT8SlWVW+aAeRirk/T4MNqGJqHtGNhqE8i0T\nemyiIAf9Pmi7XjQ1CGbr5LnhL+Y1AV0Sb6goY+9xHMePBZV/4a8020/lqhb0eiLx\nR0MhNW43GThpuwKCAQEA0WnxIYm5rmnZYYj7MSM9wqHP/owLR6NjN/TkMQo/CBXS\nt2AGLzwhNKvJnldyGsVkLi1DN7ylbnwHrlkqTNHzaMVkT/J0KFMIj0EExy9EM+Lp\n6ZJ9cwkLy+LiSRu6xCYvbmOAvLcd2JLG0e4/Bl2+d7XYH6pQxPwQUMpIRdSht0Uz\n1tYFSXdHov0seQIH0SIH0hNVqO+hZGkKm4TejMlVCPYyYzRsLjttv8f1+95HwLpy\nQVc5HTK/kdNDMJQH/bWsjKRGUKx4xNzGrcgK/hHrF+XnK903nZayxoFdGubzGqdr\nnPIhqyzrNPtSBa8zhLq5RzoBvge1zqzgP67JQyMhMwKCAQEAwN8VjSDtpOx3xM8Q\nAQgglK9hO/a8EeV02qYJYhn3xYrU0OOkujxTN3h+GqcxWOEArk0UMDPujsMm7qta\nwa4s0T+UhjmBfQna7bPUhWaX+3kio9+oCqRMhwJS7VApueuvxpK0smMll4iMbAgT\nwZkMlU/BElYKVzaHw6neQoo24hTea8A0tGfWSKzLRCCxMKLxZJJhzLE/TS/dIkMV\nQRXyHt0h8gsvRAqakwlBaoozwGYg4JYVDq25iiIwQGkTC2jt8EXe6TM2NEzgul4y\n8d1ysTRfSJxFFrAlwt2C0O2wwdPVGHHy+QoaztoXs7morWgs3F3Sj+gD3HdvW7hF\nyFBFGQKCAQBmEbQU+7MEHtV0Y7bDWYD1x7bAQ/QPg8SNdpBukqbsQu7EsEnzZeRt\nbrnDsq2L/N/6XddgaFNdyZhY0175uG9ihquBCBSzvtzyLeetSg19GMGYNe1tT2Bv\njPNsXNaoWlBOBrOtx7cFY20Cz5Pqf3ChmoFv1ayuholRR3b4ik4ULOe6c/B5wWiq\nOaoehO3YcjTLoN7ki3/nmAcyjA2JI2yOBKnEjr2XvyGcE1OC4vGoL3gW/vN4ls6m\nvgkGuXA3qgAjQMKA+b+XfGBePZ2V/pfOuyD00UsVRWl3tX/y59RgDnA2PBJLA4bU\n+RYebSm4LOa3n79PpyRnSv22LHQuhAXfAoIBAQCdnD/hkoRX8sDQzVlJT3OJ/evc\n8xmcdhV9GB+PO/tP8wdQjpVx+gbmRpTd1g0eurENMrIJv84Us8iFn8ZUK0jZox+l\nXbKpttIYUbEHU+xb5MMsPH3MVkeNtNquTY3lYTGOlTOzTRQYrvy/AJwitUP0dzMb\nbLpasX5pxG3DE8N7DqSRE4bVGfP5WgP3akQTKrbTjUHR0y1NOW6I4UMryF01rFYK\nlIxN05Y1tx6ABLmkIvRs1XCA9eYybDIK5cGZfXRYNuutnczzmYfmS5GP7ZfdJd15\nLLbVEOofXGLuTCwx0aIfk8B7pFJyaApa7NHKl0g4QPEkBK4t0eVtTItby1gb\n-----END RSA PRIVATE KEY-----\n",
                            "public_key_fingerprint_md5": "e1:d8:5f:3e:b7:85:2c:a1:28:41:e7:ae:ea:b3:02:79",
                            "public_key_openssh": "ssh-rsa AAAAB3NzaC1yc2EAAAADAQABAAACAQCpuClRq6/Rgw/P/69W8917T7Fxd7ujr5IIFDmvXjWWR2XjmluiKUcuuJZ82N7MavM1rNCMw/0LSWaa1k0qvWuq7oTvgBmlrOhVYvKlx3AiJqqjr6trXaeOBAjWfeP2mW3ZvMowBW94RnqTiU8vwZHMJPW5fVHtucMxgk6k3zYSfYmtSryfcyRoqUcS1KIKPBbb9S9KUvibtet+KXlbvgEwAnqn0/Z9LutJKk2Ib0hatpZ+MM1lYudOElnMMCsLek4k8yxklUE+Ad/05G3Hjqo9SWBIhNt3vcS9oGnKfkV6nvE1wqkzaS0wjzYrrrzyf05/Sn7039bIV1pr/1jc+1EzYlvFvmq99b7UK9VxIfs8zSs2dItPjjeOMYUUqXMYOKU7x+nxfKB28Jqn7k0au2nFCC1Nxse4IoHp17/lBv/oSgTaaXLLNQ6h3h9mNqR7brzXUoYr330EMkMim1jtgRe9vEG2yK9UCXefd9+ATem0Thkg9WOz8L4bA10OLO3BjE4EIB4jVLMFOrsx+U0LIyVozX66oI4SY3I0I5iOfp1ToUAL951Rxm4owTuTbUbsIGccqP/MBO5p7ACdZYIvlLlbamnzOREyIwZV4A2DeZO8abhfQQ0bxeoI9W44HJRHyjwdDT1CtFttoe0WIpP1H/UHb0TXOE7PcT7IKWNvsW8rQQ==\n",
                            "public_key_pem": "-----BEGIN PUBLIC KEY-----\nMIICIjANBgkqhkiG9w0BAQEFAAOCAg8AMIICCgKCAgEAqbgpUauv0YMPz/+vVvPd\ne0+xcXe7o6+SCBQ5r141lkdl45pboilHLriWfNjezGrzNazQjMP9C0lmmtZNKr1r\nqu6E74AZpazoVWLypcdwIiaqo6+ra12njgQI1n3j9plt2bzKMAVveEZ6k4lPL8GR\nzCT1uX1R7bnDMYJOpN82En2JrUq8n3MkaKlHEtSiCjwW2/UvSlL4m7Xrfil5W74B\nMAJ6p9P2fS7rSSpNiG9IWraWfjDNZWLnThJZzDArC3pOJPMsZJVBPgHf9ORtx46q\nPUlgSITbd73EvaBpyn5Fep7xNcKpM2ktMI82K6688n9Of0p+9N/WyFdaa/9Y3PtR\nM2Jbxb5qvfW+1CvVcSH7PM0rNnSLT443jjGFFKlzGDilO8fp8XygdvCap+5NGrtp\nxQgtTcbHuCKB6de/5Qb/6EoE2mlyyzUOod4fZjake26811KGK999BDJDIptY7YEX\nvbxBtsivVAl3n3ffgE3ptE4ZIPVjs/C+GwNdDiztwYxOBCAeI1SzBTq7MflNCyMl\naM1+uqCOEmNyNCOYjn6dU6FAC/edUcZuKME7k21G7CBnHKj/zATuaewAnWWCL5S5\nW2pp8zkRMiMGVeANg3mTvGm4X0ENG8XqCPVuOByUR8o8HQ09QrRbbaHtFiKT9R/1\nB29E1zhOz3E+yCljb7FvK0ECAwEAAQ==\n-----END PUBLIC KEY-----\n",
                            "rsa_bits": "4096"
                        },
                        "meta": {},
                        "tainted": false
                    },
                    "deposed": [],
                    "provider": "provider.tls"
                }
            },
            "depends_on": []
        }
    ]
}
